
Microsoft Visual Studio Solution File, Format Version 12.00
# Visual Studio Version 17
VisualStudioVersion = 17.6.33723.286
MinimumVisualStudioVersion = 10.0.40219.1
Project("{FAE04EC0-301F-11D3-BF4B-00C04F79EFBC}") = "Aula1", "Aula1\Aula1.csproj", "{506567DB-A964-4CDC-8BB4-48A6B981CA62}"
EndProject
Global
	GlobalSection(SolutionConfigurationPlatforms) = preSolution
		Debug|Any CPU = Debug|Any CPU
		Release|Any CPU = Release|Any CPU
	EndGlobalSection
	GlobalSection(ProjectConfigurationPlatforms) = postSolution
		{506567DB-A964-4CDC-8BB4-48A6B981CA62}.Debug|Any CPU.ActiveCfg = Debug|Any CPU
		{506567DB-A964-4CDC-8BB4-48A6B981CA62}.Debug|Any CPU.Build.0 = Debug|Any CPU
		{506567DB-A964-4CDC-8BB4-48A6B981CA62}.Release|Any CPU.ActiveCfg = Release|Any CPU
		{506567DB-A964-4CDC-8BB4-48A6B981CA62}.Release|Any CPU.Build.0 = Release|Any CPU
	EndGlobalSection
	GlobalSection(SolutionProperties) = preSolution
		HideSolutionNode = FALSE
	EndGlobalSection
	GlobalSection(ExtensibilityGlobals) = postSolution
		SolutionGuid = {53929433-BBDC-4727-8B14-BD3DC2E1BBB7}
	EndGlobalSection
EndGlobal
